
Microsoft Visual Studio Solution File, Format Version 12.00
# Visual Studio 15
Project("{FAE04EC0-301F-11D3-BF4B-00C04F79EFBC}") = "Decision.Trees.Core", "Decision.Trees.Core\Decision.Trees.Core.csproj", "{5E984306-CDB1-42FC-879A-DE2B94166EBC}"
EndProject
Project("{FAE04EC0-301F-11D3-BF4B-00C04F79EFBC}") = "Decision.Trees.Play", "Decision.Trees.Play\Decision.Trees.Play.csproj", "{421F9573-0F15-414E-B18E-E4FEDF63539B}"
EndProject
Global
	GlobalSection(SolutionConfigurationPlatforms) = preSolution
		Debug|Any CPU = Debug|Any CPU
		Release|Any CPU = Release|Any CPU
	EndGlobalSection
	GlobalSection(ProjectConfigurationPlatforms) = postSolution
		{5E984306-CDB1-42FC-879A-DE2B94166EBC}.Debug|Any CPU.ActiveCfg = Debug|Any CPU
		{5E984306-CDB1-42FC-879A-DE2B94166EBC}.Debug|Any CPU.Build.0 = Debug|Any CPU
		{5E984306-CDB1-42FC-879A-DE2B94166EBC}.Release|Any CPU.ActiveCfg = Release|Any CPU
		{5E984306-CDB1-42FC-879A-DE2B94166EBC}.Release|Any CPU.Build.0 = Release|Any CPU
		{421F9573-0F15-414E-B18E-E4FEDF63539B}.Debug|Any CPU.ActiveCfg = Debug|Any CPU
		{421F9573-0F15-414E-B18E-E4FEDF63539B}.Debug|Any CPU.Build.0 = Debug|Any CPU
		{421F9573-0F15-414E-B18E-E4FEDF63539B}.Release|Any CPU.ActiveCfg = Release|Any CPU
		{421F9573-0F15-414E-B18E-E4FEDF63539B}.Release|Any CPU.Build.0 = Release|Any CPU
	EndGlobalSection
EndGlobal
